
Microsoft Visual Studio Solution File, Format Version 11.00
# Visual Studio 2010
Project("{FAE04EC0-301F-11D3-BF4B-00C04F79EFBC}") = "UMR.Saniteri", "UMR.Saniteri\UMR.Saniteri.csproj", "{904C584F-501F-41F5-8A3C-7102738E04C4}"
EndProject
Project("{FAE04EC0-301F-11D3-BF4B-00C04F79EFBC}") = "UMR.Saniteri.Command", "UMR.Saniteri.Command\UMR.Saniteri.Command.csproj", "{F08EA7BB-54DF-4ED0-9658-412663FF5785}"
EndProject
Project("{FAE04EC0-301F-11D3-BF4B-00C04F79EFBC}") = "UMR.Saniteri.CustomControls", "UMR.Saniteri.CustomControls\UMR.Saniteri.CustomControls.csproj", "{FEB047BB-407B-4D35-9C99-BB71EF1F0091}"
EndProject
Project("{FAE04EC0-301F-11D3-BF4B-00C04F79EFBC}") = "UMR.Saniteri.Common", "UMR.Saniteri.Common\UMR.Saniteri.Common.csproj", "{03F41C72-E32D-4680-AF24-1B7A1407A17B}"
EndProject
Project("{FAE04EC0-301F-11D3-BF4B-00C04F79EFBC}") = "UMR.Saniteri.Data", "UMR.Saniteri.Data\UMR.Saniteri.Data.csproj", "{9CE70A1A-94D6-4965-A0DB-BCD82AE6323E}"
EndProject
Project("{FAE04EC0-301F-11D3-BF4B-00C04F79EFBC}") = "UMR.Saniteri.ViewModel", "UMR.Saniteri.ViewModel\UMR.Saniteri.ViewModel.csproj", "{D9C1A80B-4547-4573-B4A5-574A1A32B392}"
EndProject
Project("{FAE04EC0-301F-11D3-BF4B-00C04F79EFBC}") = "UMR.Saniteri.SearchBox", "UMR.Saniteri.SearchBox\UMR.Saniteri.SearchBox.csproj", "{AE7DAB68-EE5F-4C11-92B2-9BC281000726}"
EndProject
Project("{FAE04EC0-301F-11D3-BF4B-00C04F79EFBC}") = "UMR.Saniteri.DataFactory", "UMR.Saniteri.DataFactory\UMR.Saniteri.DataFactory.csproj", "{01F8C69F-71BF-4471-8647-D832A847AA0E}"
EndProject
Project("{54435603-DBB4-11D2-8724-00A0C9A8B90C}") = "UMR.Saniteri.Installer", "UMR.Saniteri.Installer\UMR.Saniteri.Installer.vdproj", "{A498227F-A99A-4CCE-ACC7-2E6A0C6E1F5F}"
EndProject
Project("{FAE04EC0-301F-11D3-BF4B-00C04F79EFBC}") = "UMR.Saniteri.CommunicationService", "UMR.Saniteri.CommunicationService\UMR.Saniteri.CommunicationService.csproj", "{B1D8C161-4A1D-4461-9675-8211EA4994F3}"
EndProject
Project("{FAE04EC0-301F-11D3-BF4B-00C04F79EFBC}") = "SaniteriWebService", "SaniteriWebService\SaniteriWebService.csproj", "{BD4E85F6-29F1-48DA-9059-33509C850843}"
EndProject
Project("{54435603-DBB4-11D2-8724-00A0C9A8B90C}") = "SaniteriWebservice.Setup", "SaniteriWebservice.Setup\SaniteriWebservice.Setup.vdproj", "{C6477278-BCEE-42D8-8A06-AC951906E4DB}"
EndProject
Project("{FAE04EC0-301F-11D3-BF4B-00C04F79EFBC}") = "UMR.Saniteri.Communication", "UMR.Saniteri.Communication\UMR.Saniteri.Communication.csproj", "{4F453CE3-BDE2-406D-B351-C254A9FF3968}"
EndProject
Project("{FAE04EC0-301F-11D3-BF4B-00C04F79EFBC}") = "UMR.DBUtility", "UMR.DBUtility\UMR.DBUtility.csproj", "{D261437F-B771-45FE-B84D-F04FEA1D874E}"
EndProject
Project("{FAE04EC0-301F-11D3-BF4B-00C04F79EFBC}") = "UMR.Saniteri.Converters", "UMR.Saniteri.Converters\UMR.Saniteri.Converters.csproj", "{41BC6409-C0ED-4DD0-8E27-5600626742E3}"
EndProject
Global
	GlobalSection(SolutionConfigurationPlatforms) = preSolution
		Debug|Any CPU = Debug|Any CPU
		Debug|Mixed Platforms = Debug|Mixed Platforms
		Debug|x86 = Debug|x86
		Release|Any CPU = Release|Any CPU
		Release|Mixed Platforms = Release|Mixed Platforms
		Release|x86 = Release|x86
	EndGlobalSection
	GlobalSection(ProjectConfigurationPlatforms) = postSolution
		{904C584F-501F-41F5-8A3C-7102738E04C4}.Debug|Any CPU.ActiveCfg = Debug|x86
		{904C584F-501F-41F5-8A3C-7102738E04C4}.Debug|Mixed Platforms.ActiveCfg = Debug|x86
		{904C584F-501F-41F5-8A3C-7102738E04C4}.Debug|Mixed Platforms.Build.0 = Debug|x86
		{904C584F-501F-41F5-8A3C-7102738E04C4}.Debug|x86.ActiveCfg = Debug|x86
		{904C584F-501F-41F5-8A3C-7102738E04C4}.Debug|x86.Build.0 = Debug|x86
		{904C584F-501F-41F5-8A3C-7102738E04C4}.Release|Any CPU.ActiveCfg = Release|x86
		{904C584F-501F-41F5-8A3C-7102738E04C4}.Release|Mixed Platforms.ActiveCfg = Release|x86
		{904C584F-501F-41F5-8A3C-7102738E04C4}.Release|Mixed Platforms.Build.0 = Release|x86
		{904C584F-501F-41F5-8A3C-7102738E04C4}.Release|x86.ActiveCfg = Release|x86
		{904C584F-501F-41F5-8A3C-7102738E04C4}.Release|x86.Build.0 = Release|x86
		{F08EA7BB-54DF-4ED0-9658-412663FF5785}.Debug|Any CPU.ActiveCfg = Debug|Any CPU
		{F08EA7BB-54DF-4ED0-9658-412663FF5785}.Debug|Any CPU.Build.0 = Debug|Any CPU
		{F08EA7BB-54DF-4ED0-9658-412663FF5785}.Debug|Mixed Platforms.ActiveCfg = Debug|Any CPU
		{F08EA7BB-54DF-4ED0-9658-412663FF5785}.Debug|Mixed Platforms.Build.0 = Debug|Any CPU
		{F08EA7BB-54DF-4ED0-9658-412663FF5785}.Debug|x86.ActiveCfg = Debug|Any CPU
		{F08EA7BB-54DF-4ED0-9658-412663FF5785}.Release|Any CPU.ActiveCfg = Release|Any CPU
		{F08EA7BB-54DF-4ED0-9658-412663FF5785}.Release|Any CPU.Build.0 = Release|Any CPU
		{F08EA7BB-54DF-4ED0-9658-412663FF5785}.Release|Mixed Platforms.ActiveCfg = Release|Any CPU
		{F08EA7BB-54DF-4ED0-9658-412663FF5785}.Release|Mixed Platforms.Build.0 = Release|Any CPU
		{F08EA7BB-54DF-4ED0-9658-412663FF5785}.Release|x86.ActiveCfg = Release|Any CPU
		{FEB047BB-407B-4D35-9C99-BB71EF1F0091}.Debug|Any CPU.ActiveCfg = Debug|Any CPU
		{FEB047BB-407B-4D35-9C99-BB71EF1F0091}.Debug|Any CPU.Build.0 = Debug|Any CPU
		{FEB047BB-407B-4D35-9C99-BB71EF1F0091}.Debug|Mixed Platforms.ActiveCfg = Debug|Any CPU
		{FEB047BB-407B-4D35-9C99-BB71EF1F0091}.Debug|Mixed Platforms.Build.0 = Debug|Any CPU
		{FEB047BB-407B-4D35-9C99-BB71EF1F0091}.Debug|x86.ActiveCfg = Debug|Any CPU
		{FEB047BB-407B-4D35-9C99-BB71EF1F0091}.Release|Any CPU.ActiveCfg = Release|Any CPU
		{FEB047BB-407B-4D35-9C99-BB71EF1F0091}.Release|Any CPU.Build.0 = Release|Any CPU
		{FEB047BB-407B-4D35-9C99-BB71EF1F0091}.Release|Mixed Platforms.ActiveCfg = Release|Any CPU
		{FEB047BB-407B-4D35-9C99-BB71EF1F0091}.Release|Mixed Platforms.Build.0 = Release|Any CPU
		{FEB047BB-407B-4D35-9C99-BB71EF1F0091}.Release|x86.ActiveCfg = Release|Any CPU
		{03F41C72-E32D-4680-AF24-1B7A1407A17B}.Debug|Any CPU.ActiveCfg = Debug|Any CPU
		{03F41C72-E32D-4680-AF24-1B7A1407A17B}.Debug|Any CPU.Build.0 = Debug|Any CPU
		{03F41C72-E32D-4680-AF24-1B7A1407A17B}.Debug|Mixed Platforms.ActiveCfg = Debug|Any CPU
		{03F41C72-E32D-4680-AF24-1B7A1407A17B}.Debug|Mixed Platforms.Build.0 = Debug|Any CPU
		{03F41C72-E32D-4680-AF24-1B7A1407A17B}.Debug|x86.ActiveCfg = Debug|Any CPU
		{03F41C72-E32D-4680-AF24-1B7A1407A17B}.Release|Any CPU.ActiveCfg = Release|Any CPU
		{03F41C72-E32D-4680-AF24-1B7A1407A17B}.Release|Any CPU.Build.0 = Release|Any CPU
		{03F41C72-E32D-4680-AF24-1B7A1407A17B}.Release|Mixed Platforms.ActiveCfg = Release|Any CPU
		{03F41C72-E32D-4680-AF24-1B7A1407A17B}.Release|Mixed Platforms.Build.0 = Release|Any CPU
		{03F41C72-E32D-4680-AF24-1B7A1407A17B}.Release|x86.ActiveCfg = Release|Any CPU
		{9CE70A1A-94D6-4965-A0DB-BCD82AE6323E}.Debug|Any CPU.ActiveCfg = Debug|Any CPU
		{9CE70A1A-94D6-4965-A0DB-BCD82AE6323E}.Debug|Any CPU.Build.0 = Debug|Any CPU
		{9CE70A1A-94D6-4965-A0DB-BCD82AE6323E}.Debug|Mixed Platforms.ActiveCfg = Debug|Any CPU
		{9CE70A1A-94D6-4965-A0DB-BCD82AE6323E}.Debug|Mixed Platforms.Build.0 = Debug|Any CPU
		{9CE70A1A-94D6-4965-A0DB-BCD82AE6323E}.Debug|x86.ActiveCfg = Debug|Any CPU
		{9CE70A1A-94D6-4965-A0DB-BCD82AE6323E}.Release|Any CPU.ActiveCfg = Release|Any CPU
		{9CE70A1A-94D6-4965-A0DB-BCD82AE6323E}.Release|Any CPU.Build.0 = Release|Any CPU
		{9CE70A1A-94D6-4965-A0DB-BCD82AE6323E}.Release|Mixed Platforms.ActiveCfg = Release|Any CPU
		{9CE70A1A-94D6-4965-A0DB-BCD82AE6323E}.Release|Mixed Platforms.Build.0 = Release|Any CPU
		{9CE70A1A-94D6-4965-A0DB-BCD82AE6323E}.Release|x86.ActiveCfg = Release|Any CPU
		{D9C1A80B-4547-4573-B4A5-574A1A32B392}.Debug|Any CPU.ActiveCfg = Debug|Any CPU
		{D9C1A80B-4547-4573-B4A5-574A1A32B392}.Debug|Any CPU.Build.0 = Debug|Any CPU
		{D9C1A80B-4547-4573-B4A5-574A1A32B392}.Debug|Mixed Platforms.ActiveCfg = Debug|Any CPU
		{D9C1A80B-4547-4573-B4A5-574A1A32B392}.Debug|Mixed Platforms.Build.0 = Debug|Any CPU
		{D9C1A80B-4547-4573-B4A5-574A1A32B392}.Debug|x86.ActiveCfg = Debug|Any CPU
		{D9C1A80B-4547-4573-B4A5-574A1A32B392}.Release|Any CPU.ActiveCfg = Release|Any CPU
		{D9C1A80B-4547-4573-B4A5-574A1A32B392}.Release|Any CPU.Build.0 = Release|Any CPU
		{D9C1A80B-4547-4573-B4A5-574A1A32B392}.Release|Mixed Platforms.ActiveCfg = Release|Any CPU
		{D9C1A80B-4547-4573-B4A5-574A1A32B392}.Release|Mixed Platforms.Build.0 = Release|Any CPU
		{D9C1A80B-4547-4573-B4A5-574A1A32B392}.Release|x86.ActiveCfg = Release|Any CPU
		{AE7DAB68-EE5F-4C11-92B2-9BC281000726}.Debug|Any CPU.ActiveCfg = Debug|Any CPU
		{AE7DAB68-EE5F-4C11-92B2-9BC281000726}.Debug|Any CPU.Build.0 = Debug|Any CPU
		{AE7DAB68-EE5F-4C11-92B2-9BC281000726}.Debug|Mixed Platforms.ActiveCfg = Debug|Any CPU
		{AE7DAB68-EE5F-4C11-92B2-9BC281000726}.Debug|Mixed Platforms.Build.0 = Debug|Any CPU
		{AE7DAB68-EE5F-4C11-92B2-9BC281000726}.Debug|x86.ActiveCfg = Debug|Any CPU
		{AE7DAB68-EE5F-4C11-92B2-9BC281000726}.Release|Any CPU.ActiveCfg = Release|Any CPU
		{AE7DAB68-EE5F-4C11-92B2-9BC281000726}.Release|Any CPU.Build.0 = Release|Any CPU
		{AE7DAB68-EE5F-4C11-92B2-9BC281000726}.Release|Mixed Platforms.ActiveCfg = Release|Any CPU
		{AE7DAB68-EE5F-4C11-92B2-9BC281000726}.Release|Mixed Platforms.Build.0 = Release|Any CPU
		{AE7DAB68-EE5F-4C11-92B2-9BC281000726}.Release|x86.ActiveCfg = Release|Any CPU
		{01F8C69F-71BF-4471-8647-D832A847AA0E}.Debug|Any CPU.ActiveCfg = Debug|Any CPU
		{01F8C69F-71BF-4471-8647-D832A847AA0E}.Debug|Any CPU.Build.0 = Debug|Any CPU
		{01F8C69F-71BF-4471-8647-D832A847AA0E}.Debug|Mixed Platforms.ActiveCfg = Debug|Any CPU
		{01F8C69F-71BF-4471-8647-D832A847AA0E}.Debug|Mixed Platforms.Build.0 = Debug|Any CPU
		{01F8C69F-71BF-4471-8647-D832A847AA0E}.Debug|x86.ActiveCfg = Debug|Any CPU
		{01F8C69F-71BF-4471-8647-D832A847AA0E}.Release|Any CPU.ActiveCfg = Release|Any CPU
		{01F8C69F-71BF-4471-8647-D832A847AA0E}.Release|Any CPU.Build.0 = Release|Any CPU
		{01F8C69F-71BF-4471-8647-D832A847AA0E}.Release|Mixed Platforms.ActiveCfg = Release|Any CPU
		{01F8C69F-71BF-4471-8647-D832A847AA0E}.Release|Mixed Platforms.Build.0 = Release|Any CPU
		{01F8C69F-71BF-4471-8647-D832A847AA0E}.Release|x86.ActiveCfg = Release|Any CPU
		{A498227F-A99A-4CCE-ACC7-2E6A0C6E1F5F}.Debug|Any CPU.ActiveCfg = Debug
		{A498227F-A99A-4CCE-ACC7-2E6A0C6E1F5F}.Debug|Mixed Platforms.ActiveCfg = Debug
		{A498227F-A99A-4CCE-ACC7-2E6A0C6E1F5F}.Debug|x86.ActiveCfg = Debug
		{A498227F-A99A-4CCE-ACC7-2E6A0C6E1F5F}.Release|Any CPU.ActiveCfg = Release
		{A498227F-A99A-4CCE-ACC7-2E6A0C6E1F5F}.Release|Mixed Platforms.ActiveCfg = Release
		{A498227F-A99A-4CCE-ACC7-2E6A0C6E1F5F}.Release|x86.ActiveCfg = Release
		{B1D8C161-4A1D-4461-9675-8211EA4994F3}.Debug|Any CPU.ActiveCfg = Debug|x86
		{B1D8C161-4A1D-4461-9675-8211EA4994F3}.Debug|Mixed Platforms.ActiveCfg = Debug|x86
		{B1D8C161-4A1D-4461-9675-8211EA4994F3}.Debug|Mixed Platforms.Build.0 = Debug|x86
		{B1D8C161-4A1D-4461-9675-8211EA4994F3}.Debug|x86.ActiveCfg = Debug|x86
		{B1D8C161-4A1D-4461-9675-8211EA4994F3}.Debug|x86.Build.0 = Debug|x86
		{B1D8C161-4A1D-4461-9675-8211EA4994F3}.Release|Any CPU.ActiveCfg = Release|x86
		{B1D8C161-4A1D-4461-9675-8211EA4994F3}.Release|Mixed Platforms.ActiveCfg = Release|x86
		{B1D8C161-4A1D-4461-9675-8211EA4994F3}.Release|Mixed Platforms.Build.0 = Release|x86
		{B1D8C161-4A1D-4461-9675-8211EA4994F3}.Release|x86.ActiveCfg = Release|x86
		{B1D8C161-4A1D-4461-9675-8211EA4994F3}.Release|x86.Build.0 = Release|x86
		{BD4E85F6-29F1-48DA-9059-33509C850843}.Debug|Any CPU.ActiveCfg = Debug|Any CPU
		{BD4E85F6-29F1-48DA-9059-33509C850843}.Debug|Any CPU.Build.0 = Debug|Any CPU
		{BD4E85F6-29F1-48DA-9059-33509C850843}.Debug|Mixed Platforms.ActiveCfg = Debug|Any CPU
		{BD4E85F6-29F1-48DA-9059-33509C850843}.Debug|Mixed Platforms.Build.0 = Debug|Any CPU
		{BD4E85F6-29F1-48DA-9059-33509C850843}.Debug|x86.ActiveCfg = Debug|Any CPU
		{BD4E85F6-29F1-48DA-9059-33509C850843}.Release|Any CPU.ActiveCfg = Release|Any CPU
		{BD4E85F6-29F1-48DA-9059-33509C850843}.Release|Any CPU.Build.0 = Release|Any CPU
		{BD4E85F6-29F1-48DA-9059-33509C850843}.Release|Mixed Platforms.ActiveCfg = Release|Any CPU
		{BD4E85F6-29F1-48DA-9059-33509C850843}.Release|Mixed Platforms.Build.0 = Release|Any CPU
		{BD4E85F6-29F1-48DA-9059-33509C850843}.Release|x86.ActiveCfg = Release|Any CPU
		{C6477278-BCEE-42D8-8A06-AC951906E4DB}.Debug|Any CPU.ActiveCfg = Debug
		{C6477278-BCEE-42D8-8A06-AC951906E4DB}.Debug|Any CPU.Build.0 = Debug
		{C6477278-BCEE-42D8-8A06-AC951906E4DB}.Debug|Mixed Platforms.ActiveCfg = Debug
		{C6477278-BCEE-42D8-8A06-AC951906E4DB}.Debug|x86.ActiveCfg = Debug
		{C6477278-BCEE-42D8-8A06-AC951906E4DB}.Debug|x86.Build.0 = Debug
		{C6477278-BCEE-42D8-8A06-AC951906E4DB}.Release|Any CPU.ActiveCfg = Release
		{C6477278-BCEE-42D8-8A06-AC951906E4DB}.Release|Any CPU.Build.0 = Release
		{C6477278-BCEE-42D8-8A06-AC951906E4DB}.Release|Mixed Platforms.ActiveCfg = Release
		{C6477278-BCEE-42D8-8A06-AC951906E4DB}.Release|Mixed Platforms.Build.0 = Release
		{C6477278-BCEE-42D8-8A06-AC951906E4DB}.Release|x86.ActiveCfg = Release
		{C6477278-BCEE-42D8-8A06-AC951906E4DB}.Release|x86.Build.0 = Release
		{4F453CE3-BDE2-406D-B351-C254A9FF3968}.Debug|Any CPU.ActiveCfg = Debug|Any CPU
		{4F453CE3-BDE2-406D-B351-C254A9FF3968}.Debug|Any CPU.Build.0 = Debug|Any CPU
		{4F453CE3-BDE2-406D-B351-C254A9FF3968}.Debug|Mixed Platforms.ActiveCfg = Debug|Any CPU
		{4F453CE3-BDE2-406D-B351-C254A9FF3968}.Debug|Mixed Platforms.Build.0 = Debug|Any CPU
		{4F453CE3-BDE2-406D-B351-C254A9FF3968}.Debug|x86.ActiveCfg = Debug|Any CPU
		{4F453CE3-BDE2-406D-B351-C254A9FF3968}.Release|Any CPU.ActiveCfg = Release|Any CPU
		{4F453CE3-BDE2-406D-B351-C254A9FF3968}.Release|Any CPU.Build.0 = Release|Any CPU
		{4F453CE3-BDE2-406D-B351-C254A9FF3968}.Release|Mixed Platforms.ActiveCfg = Release|Any CPU
		{4F453CE3-BDE2-406D-B351-C254A9FF3968}.Release|Mixed Platforms.Build.0 = Release|Any CPU
		{4F453CE3-BDE2-406D-B351-C254A9FF3968}.Release|x86.ActiveCfg = Release|Any CPU
		{D261437F-B771-45FE-B84D-F04FEA1D874E}.Debug|Any CPU.ActiveCfg = Debug|x86
		{D261437F-B771-45FE-B84D-F04FEA1D874E}.Debug|Mixed Platforms.ActiveCfg = Debug|x86
		{D261437F-B771-45FE-B84D-F04FEA1D874E}.Debug|Mixed Platforms.Build.0 = Debug|x86
		{D261437F-B771-45FE-B84D-F04FEA1D874E}.Debug|x86.ActiveCfg = Debug|x86
		{D261437F-B771-45FE-B84D-F04FEA1D874E}.Debug|x86.Build.0 = Debug|x86
		{D261437F-B771-45FE-B84D-F04FEA1D874E}.Release|Any CPU.ActiveCfg = Release|x86
		{D261437F-B771-45FE-B84D-F04FEA1D874E}.Release|Mixed Platforms.ActiveCfg = Release|x86
		{D261437F-B771-45FE-B84D-F04FEA1D874E}.Release|Mixed Platforms.Build.0 = Release|x86
		{D261437F-B771-45FE-B84D-F04FEA1D874E}.Release|x86.ActiveCfg = Release|x86
		{D261437F-B771-45FE-B84D-F04FEA1D874E}.Release|x86.Build.0 = Release|x86
		{41BC6409-C0ED-4DD0-8E27-5600626742E3}.Debug|Any CPU.ActiveCfg = Debug|Any CPU
		{41BC6409-C0ED-4DD0-8E27-5600626742E3}.Debug|Any CPU.Build.0 = Debug|Any CPU
		{41BC6409-C0ED-4DD0-8E27-5600626742E3}.Debug|Mixed Platforms.ActiveCfg = Debug|Any CPU
		{41BC6409-C0ED-4DD0-8E27-5600626742E3}.Debug|Mixed Platforms.Build.0 = Debug|Any CPU
		{41BC6409-C0ED-4DD0-8E27-5600626742E3}.Debug|x86.ActiveCfg = Debug|Any CPU
		{41BC6409-C0ED-4DD0-8E27-5600626742E3}.Release|Any CPU.ActiveCfg = Release|Any CPU
		{41BC6409-C0ED-4DD0-8E27-5600626742E3}.Release|Any CPU.Build.0 = Release|Any CPU
		{41BC6409-C0ED-4DD0-8E27-5600626742E3}.Release|Mixed Platforms.ActiveCfg = Release|Any CPU
		{41BC6409-C0ED-4DD0-8E27-5600626742E3}.Release|Mixed Platforms.Build.0 = Release|Any CPU
		{41BC6409-C0ED-4DD0-8E27-5600626742E3}.Release|x86.ActiveCfg = Release|Any CPU
	EndGlobalSection
	GlobalSection(SolutionProperties) = preSolution
		HideSolutionNode = FALSE
	EndGlobalSection
EndGlobal
